Microsoft Visual Studio Solution File, Format Version 11.00
# Visual Studio 2008

Project("{DB8A23CD-6DFD-7DD0-7266-3A0A14CE4BBF}") = "Chapter5", "Assembly-CSharp-firstpass.csproj", "{2B77580B-C17F-FBDF-2342-F0CCA7C2154C}"
EndProject
Project("{DB8A23CD-6DFD-7DD0-7266-3A0A14CE4BBF}") = "Chapter5", "Assembly-CSharp-Editor.csproj", "{6BCE1A5F-7714-14B1-9B2C-6393FDF05BB4}"
EndProject
Project("{DB8A23CD-6DFD-7DD0-7266-3A0A14CE4BBF}") = "Chapter5", "Assembly-UnityScript.unityproj", "{DD61B135-4675-ECCD-96B9-57D43432E910}"
EndProject
Global
	GlobalSection(SolutionConfigurationPlatforms) = preSolution
		Debug|Any CPU = Debug|Any CPU
		Release|Any CPU = Release|Any CPU
	EndGlobalSection
	GlobalSection(ProjectConfigurationPlatforms) = postSolution
		{2B77580B-C17F-FBDF-2342-F0CCA7C2154C}.Debug|Any CPU.ActiveCfg = Debug|Any CPU
		{2B77580B-C17F-FBDF-2342-F0CCA7C2154C}.Debug|Any CPU.Build.0 = Debug|Any CPU
		{2B77580B-C17F-FBDF-2342-F0CCA7C2154C}.Release|Any CPU.ActiveCfg = Release|Any CPU
		{2B77580B-C17F-FBDF-2342-F0CCA7C2154C}.Release|Any CPU.Build.0 = Release|Any CPU
		{6BCE1A5F-7714-14B1-9B2C-6393FDF05BB4}.Debug|Any CPU.ActiveCfg = Debug|Any CPU
		{6BCE1A5F-7714-14B1-9B2C-6393FDF05BB4}.Debug|Any CPU.Build.0 = Debug|Any CPU
		{6BCE1A5F-7714-14B1-9B2C-6393FDF05BB4}.Release|Any CPU.ActiveCfg = Release|Any CPU
		{6BCE1A5F-7714-14B1-9B2C-6393FDF05BB4}.Release|Any CPU.Build.0 = Release|Any CPU
		{DD61B135-4675-ECCD-96B9-57D43432E910}.Debug|Any CPU.ActiveCfg = Debug|Any CPU
		{DD61B135-4675-ECCD-96B9-57D43432E910}.Debug|Any CPU.Build.0 = Debug|Any CPU
		{DD61B135-4675-ECCD-96B9-57D43432E910}.Release|Any CPU.ActiveCfg = Release|Any CPU
		{DD61B135-4675-ECCD-96B9-57D43432E910}.Release|Any CPU.Build.0 = Release|Any CPU
	EndGlobalSection
	GlobalSection(SolutionProperties) = preSolution
		HideSolutionNode = FALSE
	EndGlobalSection
						GlobalSection(MonoDevelopProperties) = preSolution
		StartupItem = Assembly-CSharp.csproj
		Policies = $0
		$0.TextStylePolicy = $1
		$1.inheritsSet = null
		$1.scope = text/x-csharp
		$0.CSharpFormattingPolicy = $2
		$2.inheritsSet = Mono
		$2.inheritsScope = text/x-csharp
		$2.scope = text/x-csharp
		$0.TextStylePolicy = $3
		$3.FileWidth = 120
		$3.TabWidth = 4
		$3.IndentWidth = 4
		$3.EolMarker = Unix
		$3.inheritsSet = Mono
		$3.inheritsScope = text/plain
		$3.scope = text/plain
	EndGlobalSection

EndGlobal
